
Microsoft Visual Studio Solution File, Format Version 12.00
# Visual Studio Version 16
VisualStudioVersion = 16.0.30611.23
MinimumVisualStudioVersion = 10.0.40219.1
Project("{888888A0-9F3D-457C-B088-3A5042F75D52}") = "Task2", "Task2\Task2.pyproj", "{EF409974-406A-401B-B3AE-BA2AC55754DC}"
EndProject
Project("{888888A0-9F3D-457C-B088-3A5042F75D52}") = "Task3", "Task3\Task3.pyproj", "{EDDCE392-0902-4984-B002-76AD102C7E46}"
EndProject
Global
	GlobalSection(SolutionConfigurationPlatforms) = preSolution
		Debug|Any CPU = Debug|Any CPU
		Release|Any CPU = Release|Any CPU
	EndGlobalSection
	GlobalSection(ProjectConfigurationPlatforms) = postSolution
		{EF409974-406A-401B-B3AE-BA2AC55754DC}.Debug|Any CPU.ActiveCfg = Debug|Any CPU
		{EF409974-406A-401B-B3AE-BA2AC55754DC}.Release|Any CPU.ActiveCfg = Release|Any CPU
		{EDDCE392-0902-4984-B002-76AD102C7E46}.Debug|Any CPU.ActiveCfg = Debug|Any CPU
		{EDDCE392-0902-4984-B002-76AD102C7E46}.Release|Any CPU.ActiveCfg = Release|Any CPU
	EndGlobalSection
	GlobalSection(SolutionProperties) = preSolution
		HideSolutionNode = FALSE
	EndGlobalSection
	GlobalSection(ExtensibilityGlobals) = postSolution
		SolutionGuid = {56029FE8-86A5-411A-8DD8-9619691D932C}
	EndGlobalSection
EndGlobal
